
Microsoft Visual Studio Solution File, Format Version 12.00
# Visual Studio Version 17
VisualStudioVersion = 17.14.36327.8 d17.14
MinimumVisualStudioVersion = 10.0.40219.1
Project("{FAE04EC0-301F-11D3-BF4B-00C04F79EFBC}") = "HRLeaveSystem.API", "HRLeaveSystem.API\HRLeaveSystem.API.csproj", "{A0CA9E4D-6799-4CBC-898F-B2A01AE03064}"
EndProject
Project("{FAE04EC0-301F-11D3-BF4B-00C04F79EFBC}") = "HRLeaveSystem.Application", "HRLeaveSystem.Application\HRLeaveSystem.Application.csproj", "{3C6D7B3D-21CC-4DF5-B193-9DD3DE50963B}"
EndProject
Project("{FAE04EC0-301F-11D3-BF4B-00C04F79EFBC}") = "HRLeaveSystem.Domain", "HRLeaveSystem.Domain\HRLeaveSystem.Domain.csproj", "{74F6F6BC-4A33-43F8-B336-B8295A8DAECD}"
EndProject
Project("{FAE04EC0-301F-11D3-BF4B-00C04F79EFBC}") = "HRLeaveSystem.Infrastructure", "HRLeaveSystem.Infrastructure\HRLeaveSystem.Infrastructure.csproj", "{AD99E92F-0A1C-43E4-9B74-1952FB5FC458}"
EndProject
Project("{FAE04EC0-301F-11D3-BF4B-00C04F79EFBC}") = "HRLeaveSystem.Tests", "HRLeaveSystem.Tests\HRLeaveSystem.Tests.csproj", "{93F456F8-B8BC-40FC-A15D-E01B2849996F}"
EndProject
Global
	GlobalSection(SolutionConfigurationPlatforms) = preSolution
		Debug|Any CPU = Debug|Any CPU
		Release|Any CPU = Release|Any CPU
	EndGlobalSection
	GlobalSection(ProjectConfigurationPlatforms) = postSolution
		{A0CA9E4D-6799-4CBC-898F-B2A01AE03064}.Debug|Any CPU.ActiveCfg = Debug|Any CPU
		{A0CA9E4D-6799-4CBC-898F-B2A01AE03064}.Debug|Any CPU.Build.0 = Debug|Any CPU
		{A0CA9E4D-6799-4CBC-898F-B2A01AE03064}.Release|Any CPU.ActiveCfg = Release|Any CPU
		{A0CA9E4D-6799-4CBC-898F-B2A01AE03064}.Release|Any CPU.Build.0 = Release|Any CPU
		{3C6D7B3D-21CC-4DF5-B193-9DD3DE50963B}.Debug|Any CPU.ActiveCfg = Debug|Any CPU
		{3C6D7B3D-21CC-4DF5-B193-9DD3DE50963B}.Debug|Any CPU.Build.0 = Debug|Any CPU
		{3C6D7B3D-21CC-4DF5-B193-9DD3DE50963B}.Release|Any CPU.ActiveCfg = Release|Any CPU
		{3C6D7B3D-21CC-4DF5-B193-9DD3DE50963B}.Release|Any CPU.Build.0 = Release|Any CPU
		{74F6F6BC-4A33-43F8-B336-B8295A8DAECD}.Debug|Any CPU.ActiveCfg = Debug|Any CPU
		{74F6F6BC-4A33-43F8-B336-B8295A8DAECD}.Debug|Any CPU.Build.0 = Debug|Any CPU
		{74F6F6BC-4A33-43F8-B336-B8295A8DAECD}.Release|Any CPU.ActiveCfg = Release|Any CPU
		{74F6F6BC-4A33-43F8-B336-B8295A8DAECD}.Release|Any CPU.Build.0 = Release|Any CPU
		{AD99E92F-0A1C-43E4-9B74-1952FB5FC458}.Debug|Any CPU.ActiveCfg = Debug|Any CPU
		{AD99E92F-0A1C-43E4-9B74-1952FB5FC458}.Debug|Any CPU.Build.0 = Debug|Any CPU
		{AD99E92F-0A1C-43E4-9B74-1952FB5FC458}.Release|Any CPU.ActiveCfg = Release|Any CPU
		{AD99E92F-0A1C-43E4-9B74-1952FB5FC458}.Release|Any CPU.Build.0 = Release|Any CPU
		{93F456F8-B8BC-40FC-A15D-E01B2849996F}.Debug|Any CPU.ActiveCfg = Debug|Any CPU
		{93F456F8-B8BC-40FC-A15D-E01B2849996F}.Debug|Any CPU.Build.0 = Debug|Any CPU
		{93F456F8-B8BC-40FC-A15D-E01B2849996F}.Release|Any CPU.ActiveCfg = Release|Any CPU
		{93F456F8-B8BC-40FC-A15D-E01B2849996F}.Release|Any CPU.Build.0 = Release|Any CPU
	EndGlobalSection
	GlobalSection(SolutionProperties) = preSolution
		HideSolutionNode = FALSE
	EndGlobalSection
	GlobalSection(ExtensibilityGlobals) = postSolution
		SolutionGuid = {CE861862-FB8D-4AB2-B293-1551DB8A71FD}
	EndGlobalSection
EndGlobal
